// !$*UTF8*$!
{
	archiveVersion = 1;
	classes = {
	};
	objectVersion = 50;
	objects = {

/* Begin PBXBuildFile section */
		9DB5C5E425C011D500FCDD0C /* AppDelegate.swift in Sources */ = {isa = PBXBuildFile; fileRef = 9DB5C5E325C011D500FCDD0C /* AppDelegate.swift */; };
		9DB5C5E625C011D500FCDD0C /* SceneDelegate.swift in Sources */ = {isa = PBXBuildFile; fileRef = 9DB5C5E525C011D500FCDD0C /* SceneDelegate.swift */; };
		9DB5C5E825C011D500FCDD0C /* ViewController.swift in Sources */ = {isa = PBXBuildFile; fileRef = 9DB5C5E725C011D500FCDD0C /* ViewController.swift */; };
		9DB5C5EB25C011D500FCDD0C /* Main.storyboard in Resources */ = {isa = PBXBuildFile; fileRef = 9DB5C5E925C011D500FCDD0C /* Main.storyboard */; };
		9DB5C5ED25C011D600FCDD0C /* Assets.xcassets in Resources */ = {isa = PBXBuildFile; fileRef = 9DB5C5EC25C011D600FCDD0C /* Assets.xcassets */; };
		9DB5C5F025C011D600FCDD0C /* LaunchScreen.storyboard in Resources */ = {isa = PBXBuildFile; fileRef = 9DB5C5EE25C011D600FCDD0C /* LaunchScreen.storyboard */; };
		9DB5C5F925C011E500FCDD0C /* MovEncodeTool.swift in Sources */ = {isa = PBXBuildFile; fileRef = 9DB5C5F825C011E500FCDD0C /* MovEncodeTool.swift */; };
		9DB5C62A25C018A500FCDD0C /* FLAnimatedImage.m in Sources */ = {isa = PBXBuildFile; fileRef = 9DB5C60625C018A400FCDD0C /* FLAnimatedImage.m */; };
		9DB5C62B25C018A500FCDD0C /* FLAnimatedImageView.m in Sources */ = {isa = PBXBuildFile; fileRef = 9DB5C60725C018A400FCDD0C /* FLAnimatedImageView.m */; };
		9DB5C62C25C018A500FCDD0C /* TZImageCropManager.m in Sources */ = {isa = PBXBuildFile; fileRef = 9DB5C60D25C018A500FCDD0C /* TZImageCropManager.m */; };
		9DB5C62D25C018A500FCDD0C /* TZAssetCell.m in Sources */ = {isa = PBXBuildFile; fileRef = 9DB5C60F25C018A500FCDD0C /* TZAssetCell.m */; };
		9DB5C62E25C018A500FCDD0C /* TZVideoPlayerController.m in Sources */ = {isa = PBXBuildFile; fileRef = 9DB5C61025C018A500FCDD0C /* TZVideoPlayerController.m */; };
		9DB5C62F25C018A500FCDD0C /* TZAssetModel.m in Sources */ = {isa = PBXBuildFile; fileRef = 9DB5C61125C018A500FCDD0C /* TZAssetModel.m */; };
		9DB5C63025C018A500FCDD0C /* NSBundle+TZImagePicker.m in Sources */ = {isa = PBXBuildFile; fileRef = 9DB5C61225C018A500FCDD0C /* NSBundle+TZImagePicker.m */; };
		9DB5C63125C018A500FCDD0C /* TZPhotoPreviewController.m in Sources */ = {isa = PBXBuildFile; fileRef = 9DB5C61625C018A500FCDD0C /* TZPhotoPreviewController.m */; };
		9DB5C63225C018A500FCDD0C /* TZImagePickerController.bundle in Resources */ = {isa = PBXBuildFile; fileRef = 9DB5C61725C018A500FCDD0C /* TZImagePickerController.bundle */; };
		9DB5C63325C018A500FCDD0C /* TZProgressView.m in Sources */ = {isa = PBXBuildFile; fileRef = 9DB5C61825C018A500FCDD0C /* TZProgressView.m */; };
		9DB5C63425C018A500FCDD0C /* TZImageManager.m in Sources */ = {isa = PBXBuildFile; fileRef = 9DB5C61C25C018A500FCDD0C /* TZImageManager.m */; };
		9DB5C63525C018A500FCDD0C /* TZPhotoPickerController.m in Sources */ = {isa = PBXBuildFile; fileRef = 9DB5C61E25C018A500FCDD0C /* TZPhotoPickerController.m */; };
		9DB5C63625C018A500FCDD0C /* TZPhotoPreviewCell.m in Sources */ = {isa = PBXBuildFile; fileRef = 9DB5C61F25C018A500FCDD0C /* TZPhotoPreviewCell.m */; };
		9DB5C63725C018A500FCDD0C /* UIView+TZLayout.m in Sources */ = {isa = PBXBuildFile; fileRef = 9DB5C62125C018A500FCDD0C /* UIView+TZLayout.m */; };
		9DB5C63825C018A500FCDD0C /* TZImagePickerController.m in Sources */ = {isa = PBXBuildFile; fileRef = 9DB5C62525C018A500FCDD0C /* TZImagePickerController.m */; };
		9DB5C63925C018A500FCDD0C /* TZLocationManager.m in Sources */ = {isa = PBXBuildFile; fileRef = 9DB5C62625C018A500FCDD0C /* TZLocationManager.m */; };
		9DB5C63A25C018A500FCDD0C /* TZGifPhotoPreviewController.m in Sources */ = {isa = PBXBuildFile; fileRef = 9DB5C62725C018A500FCDD0C /* TZGifPhotoPreviewController.m */; };
		9DB5C63B25C018A500FCDD0C /* TZImageRequestOperation.m in Sources */ = {isa = PBXBuildFile; fileRef = 9DB5C62825C018A500FCDD0C /* TZImageRequestOperation.m */; };
/* End PBXBuildFile section */

/* Begin PBXFileReference section */
		9DB5C5E025C011D500FCDD0C /* MovEncodeTool.app */ = {isa = PBXFileReference; explicitFileType = wrapper.application; includeInIndex = 0; path = MovEncodeTool.app; sourceTree = BUILT_PRODUCTS_DIR; };
		9DB5C5E325C011D500FCDD0C /* AppDelegate.swift */ = {isa = PBXFileReference; lastKnownFileType = sourcecode.swift; path = AppDelegate.swift; sourceTree = "<group>"; };
		9DB5C5E525C011D500FCDD0C /* SceneDelegate.swift */ = {isa = PBXFileReference; lastKnownFileType = sourcecode.swift; path = SceneDelegate.swift; sourceTree = "<group>"; };
		9DB5C5E725C011D500FCDD0C /* ViewController.swift */ = {isa = PBXFileReference; lastKnownFileType = sourcecode.swift; path = ViewController.swift; sourceTree = "<group>"; };
		9DB5C5EA25C011D500FCDD0C /* Base */ = {isa = PBXFileReference; lastKnownFileType = file.storyboard; name = Base; path = Base.lproj/Main.storyboard; sourceTree = "<group>"; };
		9DB5C5EC25C011D600FCDD0C /* Assets.xcassets */ = {isa = PBXFileReference; lastKnownFileType = folder.assetcatalog; path = Assets.xcassets; sourceTree = "<group>"; };
		9DB5C5EF25C011D600FCDD0C /* Base */ = {isa = PBXFileReference; lastKnownFileType = file.storyboard; name = Base; path = Base.lproj/LaunchScreen.storyboard; sourceTree = "<group>"; };
		9DB5C5F125C011D600FCDD0C /* Info.plist */ = {isa = PBXFileReference; lastKnownFileType = text.plist.xml; path = Info.plist; sourceTree = "<group>"; };
		9DB5C5F825C011E500FCDD0C /* MovEncodeTool.swift */ = {isa = PBXFileReference; lastKnownFileType = sourcecode.swift; path = MovEncodeTool.swift; sourceTree = "<group>"; };
		9DB5C5FD25C0184700FCDD0C /* MovEncodeTool-Bridging-Header.h */ = {isa = PBXFileReference; lastKnownFileType = sourcecode.c.h; path = "MovEncodeTool-Bridging-Header.h"; sourceTree = "<group>"; };
		9DB5C60625C018A400FCDD0C /* FLAnimatedImage.m */ = {isa = PBXFileReference; fileEncoding = 4; lastKnownFileType = sourcecode.c.objc; path = FLAnimatedImage.m; sourceTree = "<group>"; };
		9DB5C60725C018A400FCDD0C /* FLAnimatedImageView.m */ = {isa = PBXFileReference; fileEncoding = 4; lastKnownFileType = sourcecode.c.objc; path = FLAnimatedImageView.m; sourceTree = "<group>"; };
		9DB5C60825C018A400FCDD0C /* FLAnimatedImage.h */ = {isa = PBXFileReference; fileEncoding = 4; lastKnownFileType = sourcecode.c.h; path = FLAnimatedImage.h; sourceTree = "<group>"; };
		9DB5C60925C018A400FCDD0C /* FLAnimatedImageView.h */ = {isa = PBXFileReference; fileEncoding = 4; lastKnownFileType = sourcecode.c.h; path = FLAnimatedImageView.h; sourceTree = "<group>"; };
		9DB5C60B25C018A400FCDD0C /* TZPhotoPreviewCell.h */ = {isa = PBXFileReference; fileEncoding = 4; lastKnownFileType = sourcecode.c.h; path = TZPhotoPreviewCell.h; sourceTree = "<group>"; };
		9DB5C60C25C018A500FCDD0C /* TZPhotoPickerController.h */ = {isa = PBXFileReference; fileEncoding = 4; lastKnownFileType = sourcecode.c.h; path = TZPhotoPickerController.h; sourceTree = "<group>"; };
		9DB5C60D25C018A500FCDD0C /* TZImageCropManager.m */ = {isa = PBXFileReference; fileEncoding = 4; lastKnownFileType = sourcecode.c.objc; path = TZImageCropManager.m; sourceTree = "<group>"; };
		9DB5C60E25C018A500FCDD0C /* TZImageManager.h */ = {isa = PBXFileReference; fileEncoding = 4; lastKnownFileType = sourcecode.c.h; path = TZImageManager.h; sourceTree = "<group>"; };
		9DB5C60F25C018A500FCDD0C /* TZAssetCell.m */ = {isa = PBXFileReference; fileEncoding = 4; lastKnownFileType = sourcecode.c.objc; path = TZAssetCell.m; sourceTree = "<group>"; };
		9DB5C61025C018A500FCDD0C /* TZVideoPlayerController.m */ = {isa = PBXFileReference; fileEncoding = 4; lastKnownFileType = sourcecode.c.objc; path = TZVideoPlayerController.m; sourceTree = "<group>"; };
		9DB5C61125C018A500FCDD0C /* TZAssetModel.m */ = {isa = PBXFileReference; fileEncoding = 4; lastKnownFileType = sourcecode.c.objc; path = TZAssetModel.m; sourceTree = "<group>"; };
		9DB5C61225C018A500FCDD0C /* NSBundle+TZImagePicker.m */ = {isa = PBXFileReference; fileEncoding = 4; lastKnownFileType = sourcecode.c.objc; path = "NSBundle+TZImagePicker.m"; sourceTree = "<group>"; };
		9DB5C61325C018A500FCDD0C /* UIView+TZLayout.h */ = {isa = PBXFileReference; fileEncoding = 4; lastKnownFileType = sourcecode.c.h; path = "UIView+TZLayout.h"; sourceTree = "<group>"; };
		9DB5C61425C018A500FCDD0C /* TZLocationManager.h */ = {isa = PBXFileReference; fileEncoding = 4; lastKnownFileType = sourcecode.c.h; path = TZLocationManager.h; sourceTree = "<group>"; };
		9DB5C61525C018A500FCDD0C /* TZImagePickerController.h */ = {isa = PBXFileReference; fileEncoding = 4; lastKnownFileType = sourcecode.c.h; path = TZImagePickerController.h; sourceTree = "<group>"; };
		9DB5C61625C018A500FCDD0C /* TZPhotoPreviewController.m */ = {isa = PBXFileReference; fileEncoding = 4; lastKnownFileType = sourcecode.c.objc; path = TZPhotoPreviewController.m; sourceTree = "<group>"; };
		9DB5C61725C018A500FCDD0C /* TZImagePickerController.bundle */ = {isa = PBXFileReference; lastKnownFileType = "wrapper.plug-in"; path = TZImagePickerController.bundle; sourceTree = "<group>"; };
		9DB5C61825C018A500FCDD0C /* TZProgressView.m */ = {isa = PBXFileReference; fileEncoding = 4; lastKnownFileType = sourcecode.c.objc; path = TZProgressView.m; sourceTree = "<group>"; };
		9DB5C61925C018A500FCDD0C /* TZGifPhotoPreviewController.h */ = {isa = PBXFileReference; fileEncoding = 4; lastKnownFileType = sourcecode.c.h; path = TZGifPhotoPreviewController.h; sourceTree = "<group>"; };
		9DB5C61A25C018A500FCDD0C /* TZImageRequestOperation.h */ = {isa = PBXFileReference; fileEncoding = 4; lastKnownFileType = sourcecode.c.h; path = TZImageRequestOperation.h; sourceTree = "<group>"; };
		9DB5C61B25C018A500FCDD0C /* TZAssetCell.h */ = {isa = PBXFileReference; fileEncoding = 4; lastKnownFileType = sourcecode.c.h; path = TZAssetCell.h; sourceTree = "<group>"; };
		9DB5C61C25C018A500FCDD0C /* TZImageManager.m */ = {isa = PBXFileReference; fileEncoding = 4; lastKnownFileType = sourcecode.c.objc; path = TZImageManager.m; sourceTree = "<group>"; };
		9DB5C61D25C018A500FCDD0C /* TZImageCropManager.h */ = {isa = PBXFileReference; fileEncoding = 4; lastKnownFileType = sourcecode.c.h; path = TZImageCropManager.h; sourceTree = "<group>"; };
		9DB5C61E25C018A500FCDD0C /* TZPhotoPickerController.m */ = {isa = PBXFileReference; fileEncoding = 4; lastKnownFileType = sourcecode.c.objc; path = TZPhotoPickerController.m; sourceTree = "<group>"; };
		9DB5C61F25C018A500FCDD0C /* TZPhotoPreviewCell.m */ = {isa = PBXFileReference; fileEncoding = 4; lastKnownFileType = sourcecode.c.objc; path = TZPhotoPreviewCell.m; sourceTree = "<group>"; };
		9DB5C62025C018A500FCDD0C /* NSBundle+TZImagePicker.h */ = {isa = PBXFileReference; fileEncoding = 4; lastKnownFileType = sourcecode.c.h; path = "NSBundle+TZImagePicker.h"; sourceTree = "<group>"; };
		9DB5C62125C018A500FCDD0C /* UIView+TZLayout.m */ = {isa = PBXFileReference; fileEncoding = 4; lastKnownFileType = sourcecode.c.objc; path = "UIView+TZLayout.m"; sourceTree = "<group>"; };
		9DB5C62225C018A500FCDD0C /* TZAssetModel.h */ = {isa = PBXFileReference; fileEncoding = 4; lastKnownFileType = sourcecode.c.h; path = TZAssetModel.h; sourceTree = "<group>"; };
		9DB5C62325C018A500FCDD0C /* TZVideoPlayerController.h */ = {isa = PBXFileReference; fileEncoding = 4; lastKnownFileType = sourcecode.c.h; path = TZVideoPlayerController.h; sourceTree = "<group>"; };
		9DB5C62425C018A500FCDD0C /* TZPhotoPreviewController.h */ = {isa = PBXFileReference; fileEncoding = 4; lastKnownFileType = sourcecode.c.h; path = TZPhotoPreviewController.h; sourceTree = "<group>"; };
		9DB5C62525C018A500FCDD0C /* TZImagePickerController.m */ = {isa = PBXFileReference; fileEncoding = 4; lastKnownFileType = sourcecode.c.objc; path = TZImagePickerController.m; sourceTree = "<group>"; };
		9DB5C62625C018A500FCDD0C /* TZLocationManager.m */ = {isa = PBXFileReference; fileEncoding = 4; lastKnownFileType = sourcecode.c.objc; path = TZLocationManager.m; sourceTree = "<group>"; };
		9DB5C62725C018A500FCDD0C /* TZGifPhotoPreviewController.m */ = {isa = PBXFileReference; fileEncoding = 4; lastKnownFileType = sourcecode.c.objc; path = TZGifPhotoPreviewController.m; sourceTree = "<group>"; };
		9DB5C62825C018A500FCDD0C /* TZImageRequestOperation.m */ = {isa = PBXFileReference; fileEncoding = 4; lastKnownFileType = sourcecode.c.objc; path = TZImageRequestOperation.m; sourceTree = "<group>"; };
		9DB5C62925C018A500FCDD0C /* TZProgressView.h */ = {isa = PBXFileReference; fileEncoding = 4; lastKnownFileType = sourcecode.c.h; path = TZProgressView.h; sourceTree = "<group>"; };
/* End PBXFileReference section */

/* Begin PBXFrameworksBuildPhase section */
		9DB5C5DD25C011D500FCDD0C /* Frameworks */ = {
			isa = PBXFrameworksBuildPhase;
			buildActionMask = 2147483647;
			files = (
			);
			runOnlyForDeploymentPostprocessing = 0;
		};
/* End PBXFrameworksBuildPhase section */

/* Begin PBXGroup section */
		9DB5C5D725C011D500FCDD0C = {
			isa = PBXGroup;
			children = (
				9DB5C5E225C011D500FCDD0C /* MovEncodeTool */,
				9DB5C5E125C011D500FCDD0C /* Products */,
			);
			sourceTree = "<group>";
		};
		9DB5C5E125C011D500FCDD0C /* Products */ = {
			isa = PBXGroup;
			children = (
				9DB5C5E025C011D500FCDD0C /* MovEncodeTool.app */,
			);
			name = Products;
			sourceTree = "<group>";
		};
		9DB5C5E225C011D500FCDD0C /* MovEncodeTool */ = {
			isa = PBXGroup;
			children = (
				9DB5C5FC25C0183700FCDD0C /* Lib */,
				9DB5C5E325C011D500FCDD0C /* AppDelegate.swift */,
				9DB5C5E525C011D500FCDD0C /* SceneDelegate.swift */,
				9DB5C5E725C011D500FCDD0C /* ViewController.swift */,
				9DB5C5F825C011E500FCDD0C /* MovEncodeTool.swift */,
				9DB5C5E925C011D500FCDD0C /* Main.storyboard */,
				9DB5C5EC25C011D600FCDD0C /* Assets.xcassets */,
				9DB5C5EE25C011D600FCDD0C /* LaunchScreen.storyboard */,
				9DB5C5F125C011D600FCDD0C /* Info.plist */,
			);
			path = MovEncodeTool;
			sourceTree = "<group>";
		};
		9DB5C5FC25C0183700FCDD0C /* Lib */ = {
			isa = PBXGroup;
			children = (
				9DB5C60525C018A400FCDD0C /* FLAnimatedImage */,
				9DB5C60A25C018A400FCDD0C /* TZImagePickerController */,
				9DB5C5FD25C0184700FCDD0C /* MovEncodeTool-Bridging-Header.h */,
			);
			path = Lib;
			sourceTree = "<group>";
		};
		9DB5C60525C018A400FCDD0C /* FLAnimatedImage */ = {
			isa = PBXGroup;
			children = (
				9DB5C60625C018A400FCDD0C /* FLAnimatedImage.m */,
				9DB5C60725C018A400FCDD0C /* FLAnimatedImageView.m */,
				9DB5C60825C018A400FCDD0C /* FLAnimatedImage.h */,
				9DB5C60925C018A400FCDD0C /* FLAnimatedImageView.h */,
			);
			path = FLAnimatedImage;
			sourceTree = "<group>";
		};
		9DB5C60A25C018A400FCDD0C /* TZImagePickerController */ = {
			isa = PBXGroup;
			children = (
				9DB5C60B25C018A400FCDD0C /* TZPhotoPreviewCell.h */,
				9DB5C60C25C018A500FCDD0C /* TZPhotoPickerController.h */,
				9DB5C60D25C018A500FCDD0C /* TZImageCropManager.m */,
				9DB5C60E25C018A500FCDD0C /* TZImageManager.h */,
				9DB5C60F25C018A500FCDD0C /* TZAssetCell.m */,
				9DB5C61025C018A500FCDD0C /* TZVideoPlayerController.m */,
				9DB5C61125C018A500FCDD0C /* TZAssetModel.m */,
				9DB5C61225C018A500FCDD0C /* NSBundle+TZImagePicker.m */,
				9DB5C61325C018A500FCDD0C /* UIView+TZLayout.h */,
				9DB5C61425C018A500FCDD0C /* TZLocationManager.h */,
				9DB5C61525C018A500FCDD0C /* TZImagePickerController.h */,
				9DB5C61625C018A500FCDD0C /* TZPhotoPreviewController.m */,
				9DB5C61725C018A500FCDD0C /* TZImagePickerController.bundle */,
				9DB5C61825C018A500FCDD0C /* TZProgressView.m */,
				9DB5C61925C018A500FCDD0C /* TZGifPhotoPreviewController.h */,
				9DB5C61A25C018A500FCDD0C /* TZImageRequestOperation.h */,
				9DB5C61B25C018A500FCDD0C /* TZAssetCell.h */,
				9DB5C61C25C018A500FCDD0C /* TZImageManager.m */,
				9DB5C61D25C018A500FCDD0C /* TZImageCropManager.h */,
				9DB5C61E25C018A500FCDD0C /* TZPhotoPickerController.m */,
				9DB5C61F25C018A500FCDD0C /* TZPhotoPreviewCell.m */,
				9DB5C62025C018A500FCDD0C /* NSBundle+TZImagePicker.h */,
				9DB5C62125C018A500FCDD0C /* UIView+TZLayout.m */,
				9DB5C62225C018A500FCDD0C /* TZAssetModel.h */,
				9DB5C62325C018A500FCDD0C /* TZVideoPlayerController.h */,
				9DB5C62425C018A500FCDD0C /* TZPhotoPreviewController.h */,
				9DB5C62525C018A500FCDD0C /* TZImagePickerController.m */,
				9DB5C62625C018A500FCDD0C /* TZLocationManager.m */,
				9DB5C62725C018A500FCDD0C /* TZGifPhotoPreviewController.m */,
				9DB5C62825C018A500FCDD0C /* TZImageRequestOperation.m */,
				9DB5C62925C018A500FCDD0C /* TZProgressView.h */,
			);
			path = TZImagePickerController;
			sourceTree = "<group>";
		};
/* End PBXGroup section */

/* Begin PBXNativeTarget section */
		9DB5C5DF25C011D500FCDD0C /* MovEncodeTool */ = {
			isa = PBXNativeTarget;
			buildConfigurationList = 9DB5C5F425C011D600FCDD0C /* Build configuration list for PBXNativeTarget "MovEncodeTool" */;
			buildPhases = (
				9DB5C5DC25C011D500FCDD0C /* Sources */,
				9DB5C5DD25C011D500FCDD0C /* Frameworks */,
				9DB5C5DE25C011D500FCDD0C /* Resources */,
			);
			buildRules = (
			);
			dependencies = (
			);
			name = MovEncodeTool;
			productName = MovEncodeTool;
			productReference = 9DB5C5E025C011D500FCDD0C /* MovEncodeTool.app */;
			productType = "com.apple.product-type.application";
		};
/* End PBXNativeTarget section */

/* Begin PBXProject section */
		9DB5C5D825C011D500FCDD0C /* Project object */ = {
			isa = PBXProject;
			attributes = {
				LastSwiftUpdateCheck = 1230;
				LastUpgradeCheck = 1230;
				TargetAttributes = {
					9DB5C5DF25C011D500FCDD0C = {
						CreatedOnToolsVersion = 12.3;
						LastSwiftMigration = 1230;
					};
				};
			};
			buildConfigurationList = 9DB5C5DB25C011D500FCDD0C /* Build configuration list for PBXProject "MovEncodeTool" */;
			compatibilityVersion = "Xcode 9.3";
			developmentRegion = en;
			hasScannedForEncodings = 0;
			knownRegions = (
				en,
				Base,
			);
			mainGroup = 9DB5C5D725C011D500FCDD0C;
			productRefGroup = 9DB5C5E125C011D500FCDD0C /* Products */;
			projectDirPath = "";
			projectRoot = "";
			targets = (
				9DB5C5DF25C011D500FCDD0C /* MovEncodeTool */,
			);
		};
/* End PBXProject section */

/* Begin PBXResourcesBuildPhase section */
		9DB5C5DE25C011D500FCDD0C /* Resources */ = {
			isa = PBXResourcesBuildPhase;
			buildActionMask = 2147483647;
			files = (
				9DB5C5F025C011D600FCDD0C /* LaunchScreen.storyboard in Resources */,
				9DB5C63225C018A500FCDD0C /* TZImagePickerController.bundle in Resources */,
				9DB5C5ED25C011D600FCDD0C /* Assets.xcassets in Resources */,
				9DB5C5EB25C011D500FCDD0C /* Main.storyboard in Resources */,
			);
			runOnlyForDeploymentPostprocessing = 0;
		};
/* End PBXResourcesBuildPhase section */

/* Begin PBXSourcesBuildPhase section */
		9DB5C5DC25C011D500FCDD0C /* Sources */ = {
			isa = PBXSourcesBuildPhase;
			buildActionMask = 2147483647;
			files = (
				9DB5C63525C018A500FCDD0C /* TZPhotoPickerController.m in Sources */,
				9DB5C5F925C011E500FCDD0C /* MovEncodeTool.swift in Sources */,
				9DB5C63425C018A500FCDD0C /* TZImageManager.m in Sources */,
				9DB5C5E825C011D500FCDD0C /* ViewController.swift in Sources */,
				9DB5C62F25C018A500FCDD0C /* TZAssetModel.m in Sources */,
				9DB5C63025C018A500FCDD0C /* NSBundle+TZImagePicker.m in Sources */,
				9DB5C62A25C018A500FCDD0C /* FLAnimatedImage.m in Sources */,
				9DB5C63825C018A500FCDD0C /* TZImagePickerController.m in Sources */,
				9DB5C5E425C011D500FCDD0C /* AppDelegate.swift in Sources */,
				9DB5C5E625C011D500FCDD0C /* SceneDelegate.swift in Sources */,
				9DB5C63625C018A500FCDD0C /* TZPhotoPreviewCell.m in Sources */,
				9DB5C63125C018A500FCDD0C /* TZPhotoPreviewController.m in Sources */,
				9DB5C63A25C018A500FCDD0C /* TZGifPhotoPreviewController.m in Sources */,
				9DB5C63325C018A500FCDD0C /* TZProgressView.m in Sources */,
				9DB5C62C25C018A500FCDD0C /* TZImageCropManager.m in Sources */,
				9DB5C63B25C018A500FCDD0C /* TZImageRequestOperation.m in Sources */,
				9DB5C62D25C018A500FCDD0C /* TZAssetCell.m in Sources */,
				9DB5C62B25C018A500FCDD0C /* FLAnimatedImageView.m in Sources */,
				9DB5C63725C018A500FCDD0C /* UIView+TZLayout.m in Sources */,
				9DB5C63925C018A500FCDD0C /* TZLocationManager.m in Sources */,
				9DB5C62E25C018A500FCDD0C /* TZVideoPlayerController.m in Sources */,
			);
			runOnlyForDeploymentPostprocessing = 0;
		};
/* End PBXSourcesBuildPhase section */

/* Begin PBXVariantGroup section */
		9DB5C5E925C011D500FCDD0C /* Main.storyboard */ = {
			isa = PBXVariantGroup;
			children = (
				9DB5C5EA25C011D500FCDD0C /* Base */,
			);
			name = Main.storyboard;
			sourceTree = "<group>";
		};
		9DB5C5EE25C011D600FCDD0C /* LaunchScreen.storyboard */ = {
			isa = PBXVariantGroup;
			children = (
				9DB5C5EF25C011D600FCDD0C /* Base */,
			);
			name = LaunchScreen.storyboard;
			sourceTree = "<group>";
		};
/* End PBXVariantGroup section */

/* Begin XCBuildConfiguration section */
		9DB5C5F225C011D600FCDD0C /* Debug */ = {
			isa = XCBuildConfiguration;
			buildSettings = {
				ALWAYS_SEARCH_USER_PATHS = NO;
				CLANG_ANALYZER_NONNULL = YES;
				CLANG_ANALYZER_NUMBER_OBJECT_CONVERSION = YES_AGGRESSIVE;
				CLANG_CXX_LANGUAGE_STANDARD = "gnu++14";
				CLANG_CXX_LIBRARY = "libc++";
				CLANG_ENABLE_MODULES = YES;
				CLANG_ENABLE_OBJC_ARC = YES;
				CLANG_ENABLE_OBJC_WEAK = YES;
				CLANG_WARN_BLOCK_CAPTURE_AUTORELEASING = YES;
				CLANG_WARN_BOOL_CONVERSION = YES;
				CLANG_WARN_COMMA = YES;
				CLANG_WARN_CONSTANT_CONVERSION = YES;
				CLANG_WARN_DEPRECATED_OBJC_IMPLEMENTATIONS = YES;
				CLANG_WARN_DIRECT_OBJC_ISA_USAGE = YES_ERROR;
				CLANG_WARN_DOCUMENTATION_COMMENTS = YES;
				CLANG_WARN_EMPTY_BODY = YES;
				CLANG_WARN_ENUM_CONVERSION = YES;
				CLANG_WARN_INFINITE_RECURSION = YES;
				CLANG_WARN_INT_CONVERSION = YES;
				CLANG_WARN_NON_LITERAL_NULL_CONVERSION = YES;
				CLANG_WARN_OBJC_IMPLICIT_RETAIN_SELF = YES;
				CLANG_WARN_OBJC_LITERAL_CONVERSION = YES;
				CLANG_WARN_OBJC_ROOT_CLASS = YES_ERROR;
				CLANG_WARN_QUOTED_INCLUDE_IN_FRAMEWORK_HEADER = YES;
				CLANG_WARN_RANGE_LOOP_ANALYSIS = YES;
				CLANG_WARN_STRICT_PROTOTYPES = YES;
				CLANG_WARN_SUSPICIOUS_MOVE = YES;
				CLANG_WARN_UNGUARDED_AVAILABILITY = YES_AGGRESSIVE;
				CLANG_WARN_UNREACHABLE_CODE = YES;
				CLANG_WARN__DUPLICATE_METHOD_MATCH = YES;
				COPY_PHASE_STRIP = NO;
				DEBUG_INFORMATION_FORMAT = dwarf;
				ENABLE_STRICT_OBJC_MSGSEND = YES;
				ENABLE_TESTABILITY = YES;
				GCC_C_LANGUAGE_STANDARD = gnu11;
				GCC_DYNAMIC_NO_PIC = NO;
				GCC_NO_COMMON_BLOCKS = YES;
				GCC_OPTIMIZATION_LEVEL = 0;
				GCC_PREPROCESSOR_DEFINITIONS = (
					"DEBUG=1",
					"$(inherited)",
				);
				GCC_WARN_64_TO_32_BIT_CONVERSION = YES;
				GCC_WARN_ABOUT_RETURN_TYPE = YES_ERROR;
				GCC_WARN_UNDECLARED_SELECTOR = YES;
				GCC_WARN_UNINITIALIZED_AUTOS = YES_AGGRESSIVE;
				GCC_WARN_UNUSED_FUNCTION = YES;
				GCC_WARN_UNUSED_VARIABLE = YES;
				IPHONEOS_DEPLOYMENT_TARGET = 14.3;
				MTL_ENABLE_DEBUG_INFO = INCLUDE_SOURCE;
				MTL_FAST_MATH = YES;
				ONLY_ACTIVE_ARCH = YES;
				SDKROOT = iphoneos;
				SWIFT_ACTIVE_COMPILATION_CONDITIONS = DEBUG;
				SWIFT_OPTIMIZATION_LEVEL = "-Onone";
			};
			name = Debug;
		};
		9DB5C5F325C011D600FCDD0C /* Release */ = {
			isa = XCBuildConfiguration;
			buildSettings = {
				ALWAYS_SEARCH_USER_PATHS = NO;
				CLANG_ANALYZER_NONNULL = YES;
				CLANG_ANALYZER_NUMBER_OBJECT_CONVERSION = YES_AGGRESSIVE;
				CLANG_CXX_LANGUAGE_STANDARD = "gnu++14";
				CLANG_CXX_LIBRARY = "libc++";
				CLANG_ENABLE_MODULES = YES;
				CLANG_ENABLE_OBJC_ARC = YES;
				CLANG_ENABLE_OBJC_WEAK = YES;
				CLANG_WARN_BLOCK_CAPTURE_AUTORELEASING = YES;
				CLANG_WARN_BOOL_CONVERSION = YES;
				CLANG_WARN_COMMA = YES;
				CLANG_WARN_CONSTANT_CONVERSION = YES;
				CLANG_WARN_DEPRECATED_OBJC_IMPLEMENTATIONS = YES;
				CLANG_WARN_DIRECT_OBJC_ISA_USAGE = YES_ERROR;
				CLANG_WARN_DOCUMENTATION_COMMENTS = YES;
				CLANG_WARN_EMPTY_BODY = YES;
				CLANG_WARN_ENUM_CONVERSION = YES;
				CLANG_WARN_INFINITE_RECURSION = YES;
				CLANG_WARN_INT_CONVERSION = YES;
				CLANG_WARN_NON_LITERAL_NULL_CONVERSION = YES;
				CLANG_WARN_OBJC_IMPLICIT_RETAIN_SELF = YES;
				CLANG_WARN_OBJC_LITERAL_CONVERSION = YES;
				CLANG_WARN_OBJC_ROOT_CLASS = YES_ERROR;
				CLANG_WARN_QUOTED_INCLUDE_IN_FRAMEWORK_HEADER = YES;
				CLANG_WARN_RANGE_LOOP_ANALYSIS = YES;
				CLANG_WARN_STRICT_PROTOTYPES = YES;
				CLANG_WARN_SUSPICIOUS_MOVE = YES;
				CLANG_WARN_UNGUARDED_AVAILABILITY = YES_AGGRESSIVE;
				CLANG_WARN_UNREACHABLE_CODE = YES;
				CLANG_WARN__DUPLICATE_METHOD_MATCH = YES;
				COPY_PHASE_STRIP = NO;
				DEBUG_INFORMATION_FORMAT = "dwarf-with-dsym";
				ENABLE_NS_ASSERTIONS = NO;
				ENABLE_STRICT_OBJC_MSGSEND = YES;
				GCC_C_LANGUAGE_STANDARD = gnu11;
				GCC_NO_COMMON_BLOCKS = YES;
				GCC_WARN_64_TO_32_BIT_CONVERSION = YES;
				GCC_WARN_ABOUT_RETURN_TYPE = YES_ERROR;
				GCC_WARN_UNDECLARED_SELECTOR = YES;
				GCC_WARN_UNINITIALIZED_AUTOS = YES_AGGRESSIVE;
				GCC_WARN_UNUSED_FUNCTION = YES;
				GCC_WARN_UNUSED_VARIABLE = YES;
				IPHONEOS_DEPLOYMENT_TARGET = 14.3;
				MTL_ENABLE_DEBUG_INFO = NO;
				MTL_FAST_MATH = YES;
				SDKROOT = iphoneos;
				SWIFT_COMPILATION_MODE = wholemodule;
				SWIFT_OPTIMIZATION_LEVEL = "-O";
				VALIDATE_PRODUCT = YES;
			};
			name = Release;
		};
		9DB5C5F525C011D600FCDD0C /* Debug */ = {
			isa = XCBuildConfiguration;
			buildSettings = {
				ASSETCATALOG_COMPILER_APPICON_NAME = AppIcon;
				ASSETCATALOG_COMPILER_GLOBAL_ACCENT_COLOR_NAME = AccentColor;
				CLANG_ENABLE_MODULES = YES;
				CODE_SIGN_STYLE = Automatic;
				DEVELOPMENT_TEAM = SY5B3H4K8B;
				INFOPLIST_FILE = MovEncodeTool/Info.plist;
				IPHONEOS_DEPLOYMENT_TARGET = 13.0;
				LD_RUNPATH_SEARCH_PATHS = (
					"$(inherited)",
					"@executable_path/Frameworks",
				);
				PRODUCT_BUNDLE_IDENTIFIER = com.cq.MovEncodeTool;
				PRODUCT_NAME = "$(TARGET_NAME)";
				SWIFT_OBJC_BRIDGING_HEADER = "MovEncodeTool/Lib/MovEncodeTool-Bridging-Header.h";
				SWIFT_OPTIMIZATION_LEVEL = "-Onone";
				SWIFT_VERSION = 5.0;
				TARGETED_DEVICE_FAMILY = "1,2";
			};
			name = Debug;
		};
		9DB5C5F625C011D600FCDD0C /* Release */ = {
			isa = XCBuildConfiguration;
			buildSettings = {
				ASSETCATALOG_COMPILER_APPICON_NAME = AppIcon;
				ASSETCATALOG_COMPILER_GLOBAL_ACCENT_COLOR_NAME = AccentColor;
				CLANG_ENABLE_MODULES = YES;
				CODE_SIGN_STYLE = Automatic;
				DEVELOPMENT_TEAM = SY5B3H4K8B;
				INFOPLIST_FILE = MovEncodeTool/Info.plist;
				IPHONEOS_DEPLOYMENT_TARGET = 13.0;
				LD_RUNPATH_SEARCH_PATHS = (
					"$(inherited)",
					"@executable_path/Frameworks",
				);
				PRODUCT_BUNDLE_IDENTIFIER = com.cq.MovEncodeTool;
				PRODUCT_NAME = "$(TARGET_NAME)";
				SWIFT_OBJC_BRIDGING_HEADER = "MovEncodeTool/Lib/MovEncodeTool-Bridging-Header.h";
				SWIFT_VERSION = 5.0;
				TARGETED_DEVICE_FAMILY = "1,2";
			};
			name = Release;
		};
/* End XCBuildConfiguration section */

/* Begin XCConfigurationList section */
		9DB5C5DB25C011D500FCDD0C /* Build configuration list for PBXProject "MovEncodeTool" */ = {
			isa = XCConfigurationList;
			buildConfigurations = (
				9DB5C5F225C011D600FCDD0C /* Debug */,
				9DB5C5F325C011D600FCDD0C /* Release */,
			);
			defaultConfigurationIsVisible = 0;
			defaultConfigurationName = Release;
		};
		9DB5C5F425C011D600FCDD0C /* Build configuration list for PBXNativeTarget "MovEncodeTool" */ = {
			isa = XCConfigurationList;
			buildConfigurations = (
				9DB5C5F525C011D600FCDD0C /* Debug */,
				9DB5C5F625C011D600FCDD0C /* Release */,
			);
			defaultConfigurationIsVisible = 0;
			defaultConfigurationName = Release;
		};
/* End XCConfigurationList section */
	};
	rootObject = 9DB5C5D825C011D500FCDD0C /* Project object */;
}
